{
  "object": {
    "pins": [
      {
        "package": "Kanna",
        "repositoryURL": "https://github.com/dev1an/Kanna.git",
        "state": {
          "branch": "feature/native-libxml2",
          "revision": "51af2dffdc1dcbf643afdd2d69c9da1273cf2a62",
          "version": null
        }
      }
    ]
  },
  "version": 1
}
